
Microsoft Visual Studio Solution File, Format Version 12.00
# Visual Studio Version 17
VisualStudioVersion = 17.9.34728.123
MinimumVisualStudioVersion = 10.0.40219.1
Project("{FAE04EC0-301F-11D3-BF4B-00C04F79EFBC}") = "Invoice-Final", "Invoice-Final\Invoice-Final.csproj", "{08B455DD-3A87-47CA-B17E-2D66A5A40DD9}"
EndProject
Global
	GlobalSection(SolutionConfigurationPlatforms) = preSolution
		Debug|Any CPU = Debug|Any CPU
		Release|Any CPU = Release|Any CPU
	EndGlobalSection
	GlobalSection(ProjectConfigurationPlatforms) = postSolution
		{08B455DD-3A87-47CA-B17E-2D66A5A40DD9}.Debug|Any CPU.ActiveCfg = Debug|Any CPU
		{08B455DD-3A87-47CA-B17E-2D66A5A40DD9}.Debug|Any CPU.Build.0 = Debug|Any CPU
		{08B455DD-3A87-47CA-B17E-2D66A5A40DD9}.Release|Any CPU.ActiveCfg = Release|Any CPU
		{08B455DD-3A87-47CA-B17E-2D66A5A40DD9}.Release|Any CPU.Build.0 = Release|Any CPU
	EndGlobalSection
	GlobalSection(SolutionProperties) = preSolution
		HideSolutionNode = FALSE
	EndGlobalSection
	GlobalSection(ExtensibilityGlobals) = postSolution
		SolutionGuid = {111DD503-9000-4F35-925E-9430A6C81B17}
	EndGlobalSection
EndGlobal
